
Microsoft Visual Studio Solution File, Format Version 12.00
# Visual Studio Version 17
VisualStudioVersion = 17.0.31903.59
MinimumVisualStudioVersion = 10.0.40219.1
Project("{FAE04EC0-301F-11D3-BF4B-00C04F79EFBC}") = "HiGawda", "HiGawda\HiGawda.csproj", "{5C294A74-8CE3-4586-A00A-6E39A543ADDB}"
EndProject
Global
	GlobalSection(SolutionConfigurationPlatforms) = preSolution
		Debug|Any CPU = Debug|Any CPU
		Release|Any CPU = Release|Any CPU
	EndGlobalSection
	GlobalSection(SolutionProperties) = preSolution
		HideSolutionNode = FALSE
	EndGlobalSection
	GlobalSection(ProjectConfigurationPlatforms) = postSolution
		{5C294A74-8CE3-4586-A00A-6E39A543ADDB}.Debug|Any CPU.ActiveCfg = Debug|Any CPU
		{5C294A74-8CE3-4586-A00A-6E39A543ADDB}.Debug|Any CPU.Build.0 = Debug|Any CPU
		{5C294A74-8CE3-4586-A00A-6E39A543ADDB}.Release|Any CPU.ActiveCfg = Release|Any CPU
		{5C294A74-8CE3-4586-A00A-6E39A543ADDB}.Release|Any CPU.Build.0 = Release|Any CPU
	EndGlobalSection
EndGlobal
